<?xml version="1.0" encoding="utf-8"?>
<Project ToolsVersion="4.0" xmlns="http://schemas.microsoft.com/developer/msbuild/2003">
  <ItemGroup>
    <Filter Include="Header Files">
      <UniqueIdentifier>{b4965603-7e63-4153-9333-5da8eff08b9c}</UniqueIdentifier>
    </Filter>
    <Filter Include="Source Files">
      <UniqueIdentifier>{bc4ee105-b7fc-4dd2-a913-11d4494cf06a}</UniqueIdentifier>
    </Filter>
  </ItemGroup>
  <ItemGroup>
    <ClInclude Include="OmniOperations.h">
      <Filter>Header Files</Filter>
    </ClInclude>
    <ClInclude Include="ProjectVersion.h">
      <Filter>Header Files</Filter>
    </ClInclude>
    <ClInclude Include="Unwrapper.cuh">
      <Filter>Header Files</Filter>
    </ClInclude>
    <ClInclude Include="dll_factory.hpp">
      <Filter>Header Files</Filter>
    </ClInclude>
  </ItemGroup>
  <ItemGroup>
    <ClCompile Include="OmniOperations.cpp">
      <Filter>Source Files</Filter>
    </ClCompile>
    <ClCompile Include="ProjectVersion.cpp">
      <Filter>Source Files</Filter>
    </ClCompile>
    <ClCompile Include="dll_factory.cpp">
      <Filter>Source Files</Filter>
    </ClCompile>
  </ItemGroup>
  <ItemGroup>
    <CudaCompile Include="Unwrapper.cu">
      <Filter>Source Files</Filter>
    </CudaCompile>
  </ItemGroup>
</Project>